{
  "name": "threads",
  "lockfileVersion": 3,
  "requires": true,
  "packages": {
    "": {
      "dependencies": {
        "@tailwindplus/elements": "^1.0.13"
      }
    },
    "node_modules/@tailwindplus/elements": {
      "version": "1.0.13",
      "resolved": "https://registry.npmjs.org/@tailwindplus/elements/-/elements-1.0.13.tgz",
      "integrity": "sha512-Y0K4D47rf/+Bnj2NLPl+AJykujDsEtcF+CL1DiVnE/qjmxA50+FSACNKmoyAPURq6RF/IrS0YIb8xUjtvstCSw==",
      "license": "SEE LICENSE IN LICENSE.md"
    }
  }
}
